# ArcBox asset lock — pins versions and checksums for reproducible builds.

[boot]
version = "0.5.1"
cdn = "https://boot.arcboxcdn.com"
manifest_sha256 = ""

[[tools]]
name = "docker"
group = "docker"
version = "28.5.2"
arch.arm64.sha256 = "b9b9cccc66cc571e5df13f0a3f68ec311a46ab29029468822aeeeffefeca6bc2"
arch.x86_64.sha256 = "20aeea57e9340dc226c87f07d429182b0ff708f2d17a45536cd484defb8c0247"

[[tools]]
name = "docker-buildx"
group = "docker"
version = "0.33.0"
arch.arm64.sha256 = "35dc3303d2ddb20b9490be4f658eb4b08ee6c9b2a5b5a56797f6c8fb20f5f52b"
arch.x86_64.sha256 = "b1b5a38f78311cfed70a0e68096df0e9ed7dd1b1fcd09adbb117d74e3bad6f32"

[[tools]]
name = "docker-compose"
group = "docker"
version = "5.1.1"
arch.arm64.sha256 = "7b10566e09366d1c22222eb0726805b8c488b4109e63689fd6c543d0006504e2"
arch.x86_64.sha256 = "2d1845ad583a08095b469547dc1bee2a985d1db3b62bc478f88361b85c8ff0e9"

[[tools]]
name = "docker-credential-osxkeychain"
group = "docker"
version = "0.9.5"
arch.arm64.sha256 = "bc216761bc10e5a707f52d4e5b4050dd7ee7a2daae63c35a97ed7fed2ea64822"
arch.x86_64.sha256 = "578294a426d86322a17f998cf814258fe7aa764bf505354fcebee51a7456266c"

[[tools]]
name = "kubectl"
group = "kubernetes"
version = "1.34.3"
arch.arm64.sha256 = "e51367d2107d605f4edd7c2fb25897b0c0695a7de1a9f9d04cd6c9356b890b14"
arch.x86_64.sha256 = "657afbd0e653c4ce3af1b5a645a4eaba282cf8eb2bcda7191ff60866e50e4d7f"
