# ArcBox asset lock — pins versions and checksums for reproducible builds.
#
# The [[tools]] section pins third-party and internal binaries:
#   - group "docker"/"kubernetes": macOS binaries downloaded to
#     ~/.arcbox/runtime/bin/. The whole data dir is a VirtioFS share, so the
#     guest can see them, but they are darwin artifacts and only the host
#     CLI ever runs them.
#   - group "desktop": host-only binaries embedded in the app bundle
#     (e.g. pstramp for PTY session isolation).
#
# The guest runtime binaries (dockerd, containerd, …) come from the boot
# manifest pinned under [boot], NOT from [[tools]]. Keep the "docker" tool
# below on the same version as the boot bundle's dockerd when bumping either
# side — the CLI tolerates an older daemon through API negotiation, but the
# two pins should only diverge for the short window between a bundle release
# and the [boot] bump.

[boot]
version = "0.8.6"
cdn = "https://boot.arcboxcdn.com"
manifest_sha256 = "326d7e100c885280570bdfa9edd08d852e99f9efd9a4149c1a5c46370003efa4"

[[tools]]
name = "docker"
group = "docker"
version = "29.7.2"
arch.arm64.sha256 = "b8683ed19d1f06048a496f9b8429e2c71d0b088d475b7487c054ea3666c02a3c"
arch.x86_64.sha256 = "fb1f1aa7ac7af4364165b9eadfda92e96c8ced508fca74f53079719891367438"

[[tools]]
name = "docker-buildx"
group = "docker"
version = "0.36.1"
arch.arm64.sha256 = "214cdc36788602862dbc82b523d58648b4585c7b0ff95218b0817c44db5573d7"
arch.x86_64.sha256 = "52a39ee4012d18f83373656712102ebda55656121dcdabbbb1ccfbd41b7debe8"

[[tools]]
name = "docker-compose"
group = "docker"
version = "5.5.0"
arch.arm64.sha256 = "6777710e5a5db5709e5f4b5985844e74b73cc1a6123e3a6690b6ababf2deaf51"
arch.x86_64.sha256 = "d0f0c867fd740953899a63d6d1a291dc60200b0961de9612a01bcc560e6e29a6"

[[tools]]
name = "docker-credential-osxkeychain"
group = "docker"
version = "0.9.9"
arch.arm64.sha256 = "3585188b1df1c3568ae536999eddb48ad2c781b3cf07a2f7d7181262d045820c"
arch.x86_64.sha256 = "1be33ae30c8c80277bea3364d0d71afad411fa22e88bcabf3375550b989fd272"

[[tools]]
name = "pstramp"
group = "desktop"
version = "0.2.0"
arch.arm64.sha256 = "48448a426bb994e45b603588b19b62629f07d6040f1501235e969c07ecc57413"
arch.x86_64.sha256 = "eb3cc921de1aed02348821f4a653705a33b012b6a1da7466e577673c5ce80609"

[[tools]]
name = "kubectl"
group = "kubernetes"
version = "1.37.0"
arch.arm64.sha256 = "583beedaebe422e71d3f1a96acef8b1fef86ea2f09a45ad01aa6c9ce287c1380"
arch.x86_64.sha256 = "d5276c0f4fde77fc446070290f345944a7f1fda153df6b960e5fde93b7a9bccd"
