# ArcBox asset lock — pins versions and checksums for reproducible builds.
#
# The [[tools]] section pins third-party and internal binaries:
#   - group "docker"/"kubernetes": macOS binaries downloaded to
#     ~/.arcbox/runtime/bin/. The whole data dir is a VirtioFS share, so the
#     guest can see them, but they are darwin artifacts and only the host
#     CLI ever runs them.
#   - group "desktop": host-only binaries embedded in the app bundle
#     (e.g. pstramp for PTY session isolation).
#
# The guest runtime binaries (dockerd, containerd, …) come from the boot
# manifest pinned under [boot], NOT from [[tools]]. Keep the "docker" tool
# below on the same version as the boot bundle's dockerd when bumping either
# side — the CLI tolerates an older daemon through API negotiation, but the
# two pins should only diverge for the short window between a bundle release
# and the [boot] bump.

[boot]
version = "0.8.6"
cdn = "https://boot.arcboxcdn.com"
manifest_sha256 = "326d7e100c885280570bdfa9edd08d852e99f9efd9a4149c1a5c46370003efa4"

[[tools]]
name = "docker"
group = "docker"
version = "29.8.1"
arch.arm64.sha256 = "5a8f5604d7673202b2af925229d15eb4bbb86f7f542e4ac8cd7aa3f14cfa0f8b"
arch.x86_64.sha256 = "de42b6bb38d0ea08333cdddc18b054d61d4c9f003b3616ae55d85ccea72c47c9"

[[tools]]
name = "docker-buildx"
group = "docker"
version = "0.37.1"
arch.arm64.sha256 = "c3cbbc820d578b0aa8158dd62ef1af25a0c8a75ef53331dbe4e219471e1dbe8c"
arch.x86_64.sha256 = "7003a7bae20e7741283db1e23dafdcb957776a8be85de3f459630b1dd4c19db0"

[[tools]]
name = "docker-compose"
group = "docker"
version = "5.5.1"
arch.arm64.sha256 = "998735c9b6fe68a4f05895e6ea73d71ad06f9fc7046383ad89e47346781b6af5"
arch.x86_64.sha256 = "a264d61e824bf08a78867e59cdf32eb09f0aee9ecdf9f6ebfa43f76dc52880f1"

[[tools]]
name = "docker-credential-osxkeychain"
group = "docker"
version = "0.9.9"
arch.arm64.sha256 = "3585188b1df1c3568ae536999eddb48ad2c781b3cf07a2f7d7181262d045820c"
arch.x86_64.sha256 = "1be33ae30c8c80277bea3364d0d71afad411fa22e88bcabf3375550b989fd272"

[[tools]]
name = "pstramp"
group = "desktop"
version = "0.2.0"
arch.arm64.sha256 = "48448a426bb994e45b603588b19b62629f07d6040f1501235e969c07ecc57413"
arch.x86_64.sha256 = "eb3cc921de1aed02348821f4a653705a33b012b6a1da7466e577673c5ce80609"

[[tools]]
name = "kubectl"
group = "kubernetes"
version = "1.37.0"
arch.arm64.sha256 = "583beedaebe422e71d3f1a96acef8b1fef86ea2f09a45ad01aa6c9ce287c1380"
arch.x86_64.sha256 = "d5276c0f4fde77fc446070290f345944a7f1fda153df6b960e5fde93b7a9bccd"
